// !$*UTF8*$!
{
	archiveVersion = 1;
	classes = {
	};
	objectVersion = 50;
	objects = {

/* Begin PBXBuildFile section */
		EB16B50A26F41E5C00D7CDDC /* AppDelegate.m in Sources */ = {isa = PBXBuildFile; fileRef = EB16B50926F41E5C00D7CDDC /* AppDelegate.m */; };
		EB16B50D26F41E5C00D7CDDC /* SceneDelegate.m in Sources */ = {isa = PBXBuildFile; fileRef = EB16B50C26F41E5C00D7CDDC /* SceneDelegate.m */; };
		EB16B51326F41E5C00D7CDDC /* Main.storyboard in Resources */ = {isa = PBXBuildFile; fileRef = EB16B51126F41E5C00D7CDDC /* Main.storyboard */; };
		EB16B51526F41E5F00D7CDDC /* Assets.xcassets in Resources */ = {isa = PBXBuildFile; fileRef = EB16B51426F41E5F00D7CDDC /* Assets.xcassets */; };
		EB16B51826F41E5F00D7CDDC /* LaunchScreen.storyboard in Resources */ = {isa = PBXBuildFile; fileRef = EB16B51626F41E5F00D7CDDC /* LaunchScreen.storyboard */; };
		EB16B51B26F41E5F00D7CDDC /* main.m in Sources */ = {isa = PBXBuildFile; fileRef = EB16B51A26F41E5F00D7CDDC /* main.m */; };
		EB16B52326F41F4900D7CDDC /* UserListTableViewController.m in Sources */ = {isa = PBXBuildFile; fileRef = EB16B52226F41F4900D7CDDC /* UserListTableViewController.m */; };
/* End PBXBuildFile section */

/* Begin PBXFileReference section */
		EB16B50526F41E5C00D7CDDC /* ObjectiveSocial.app */ = {isa = PBXFileReference; explicitFileType = wrapper.application; includeInIndex = 0; path = ObjectiveSocial.app; sourceTree = BUILT_PRODUCTS_DIR; };
		EB16B50826F41E5C00D7CDDC /* AppDelegate.h */ = {isa = PBXFileReference; lastKnownFileType = sourcecode.c.h; path = AppDelegate.h; sourceTree = "<group>"; };
		EB16B50926F41E5C00D7CDDC /* AppDelegate.m */ = {isa = PBXFileReference; lastKnownFileType = sourcecode.c.objc; path = AppDelegate.m; sourceTree = "<group>"; };
		EB16B50B26F41E5C00D7CDDC /* SceneDelegate.h */ = {isa = PBXFileReference; lastKnownFileType = sourcecode.c.h; path = SceneDelegate.h; sourceTree = "<group>"; };
		EB16B50C26F41E5C00D7CDDC /* SceneDelegate.m */ = {isa = PBXFileReference; lastKnownFileType = sourcecode.c.objc; path = SceneDelegate.m; sourceTree = "<group>"; };
		EB16B51226F41E5C00D7CDDC /* Base */ = {isa = PBXFileReference; lastKnownFileType = file.storyboard; name = Base; path = Base.lproj/Main.storyboard; sourceTree = "<group>"; };
		EB16B51426F41E5F00D7CDDC /* Assets.xcassets */ = {isa = PBXFileReference; lastKnownFileType = folder.assetcatalog; path = Assets.xcassets; sourceTree = "<group>"; };
		EB16B51726F41E5F00D7CDDC /* Base */ = {isa = PBXFileReference; lastKnownFileType = file.storyboard; name = Base; path = Base.lproj/LaunchScreen.storyboard; sourceTree = "<group>"; };
		EB16B51926F41E5F00D7CDDC /* Info.plist */ = {isa = PBXFileReference; lastKnownFileType = text.plist.xml; path = Info.plist; sourceTree = "<group>"; };
		EB16B51A26F41E5F00D7CDDC /* main.m */ = {isa = PBXFileReference; lastKnownFileType = sourcecode.c.objc; path = main.m; sourceTree = "<group>"; };
		EB16B52126F41F4900D7CDDC /* UserListTableViewController.h */ = {isa = PBXFileReference; lastKnownFileType = sourcecode.c.h; path = UserListTableViewController.h; sourceTree = "<group>"; };
		EB16B52226F41F4900D7CDDC /* UserListTableViewController.m */ = {isa = PBXFileReference; lastKnownFileType = sourcecode.c.objc; path = UserListTableViewController.m; sourceTree = "<group>"; };
/* End PBXFileReference section */

/* Begin PBXFrameworksBuildPhase section */
		EB16B50226F41E5C00D7CDDC /* Frameworks */ = {
			isa = PBXFrameworksBuildPhase;
			buildActionMask = 2147483647;
			files = (
			);
			runOnlyForDeploymentPostprocessing = 0;
		};
/* End PBXFrameworksBuildPhase section */

/* Begin PBXGroup section */
		EB16B4FC26F41E5C00D7CDDC = {
			isa = PBXGroup;
			children = (
				EB16B50726F41E5C00D7CDDC /* ObjectiveSocial */,
				EB16B50626F41E5C00D7CDDC /* Products */,
			);
			sourceTree = "<group>";
		};
		EB16B50626F41E5C00D7CDDC /* Products */ = {
			isa = PBXGroup;
			children = (
				EB16B50526F41E5C00D7CDDC /* ObjectiveSocial.app */,
			);
			name = Products;
			sourceTree = "<group>";
		};
		EB16B50726F41E5C00D7CDDC /* ObjectiveSocial */ = {
			isa = PBXGroup;
			children = (
				EB16B50826F41E5C00D7CDDC /* AppDelegate.h */,
				EB16B50926F41E5C00D7CDDC /* AppDelegate.m */,
				EB16B50B26F41E5C00D7CDDC /* SceneDelegate.h */,
				EB16B50C26F41E5C00D7CDDC /* SceneDelegate.m */,
				EB16B51126F41E5C00D7CDDC /* Main.storyboard */,
				EB16B51426F41E5F00D7CDDC /* Assets.xcassets */,
				EB16B51626F41E5F00D7CDDC /* LaunchScreen.storyboard */,
				EB16B51926F41E5F00D7CDDC /* Info.plist */,
				EB16B51A26F41E5F00D7CDDC /* main.m */,
				EB16B52126F41F4900D7CDDC /* UserListTableViewController.h */,
				EB16B52226F41F4900D7CDDC /* UserListTableViewController.m */,
			);
			path = ObjectiveSocial;
			sourceTree = "<group>";
		};
/* End PBXGroup section */

/* Begin PBXNativeTarget section */
		EB16B50426F41E5C00D7CDDC /* ObjectiveSocial */ = {
			isa = PBXNativeTarget;
			buildConfigurationList = EB16B51E26F41E5F00D7CDDC /* Build configuration list for PBXNativeTarget "ObjectiveSocial" */;
			buildPhases = (
				EB16B50126F41E5C00D7CDDC /* Sources */,
				EB16B50226F41E5C00D7CDDC /* Frameworks */,
				EB16B50326F41E5C00D7CDDC /* Resources */,
			);
			buildRules = (
			);
			dependencies = (
			);
			name = ObjectiveSocial;
			productName = ObjectiveSocial;
			productReference = EB16B50526F41E5C00D7CDDC /* ObjectiveSocial.app */;
			productType = "com.apple.product-type.application";
		};
/* End PBXNativeTarget section */

/* Begin PBXProject section */
		EB16B4FD26F41E5C00D7CDDC /* Project object */ = {
			isa = PBXProject;
			attributes = {
				LastUpgradeCheck = 1250;
				TargetAttributes = {
					EB16B50426F41E5C00D7CDDC = {
						CreatedOnToolsVersion = 12.5.1;
					};
				};
			};
			buildConfigurationList = EB16B50026F41E5C00D7CDDC /* Build configuration list for PBXProject "ObjectiveSocial" */;
			compatibilityVersion = "Xcode 9.3";
			developmentRegion = en;
			hasScannedForEncodings = 0;
			knownRegions = (
				en,
				Base,
			);
			mainGroup = EB16B4FC26F41E5C00D7CDDC;
			productRefGroup = EB16B50626F41E5C00D7CDDC /* Products */;
			projectDirPath = "";
			projectRoot = "";
			targets = (
				EB16B50426F41E5C00D7CDDC /* ObjectiveSocial */,
			);
		};
/* End PBXProject section */

/* Begin PBXResourcesBuildPhase section */
		EB16B50326F41E5C00D7CDDC /* Resources */ = {
			isa = PBXResourcesBuildPhase;
			buildActionMask = 2147483647;
			files = (
				EB16B51826F41E5F00D7CDDC /* LaunchScreen.storyboard in Resources */,
				EB16B51526F41E5F00D7CDDC /* Assets.xcassets in Resources */,
				EB16B51326F41E5C00D7CDDC /* Main.storyboard in Resources */,
			);
			runOnlyForDeploymentPostprocessing = 0;
		};
/* End PBXResourcesBuildPhase section */

/* Begin PBXSourcesBuildPhase section */
		EB16B50126F41E5C00D7CDDC /* Sources */ = {
			isa = PBXSourcesBuildPhase;
			buildActionMask = 2147483647;
			files = (
				EB16B50A26F41E5C00D7CDDC /* AppDelegate.m in Sources */,
				EB16B51B26F41E5F00D7CDDC /* main.m in Sources */,
				EB16B52326F41F4900D7CDDC /* UserListTableViewController.m in Sources */,
				EB16B50D26F41E5C00D7CDDC /* SceneDelegate.m in Sources */,
			);
			runOnlyForDeploymentPostprocessing = 0;
		};
/* End PBXSourcesBuildPhase section */

/* Begin PBXVariantGroup section */
		EB16B51126F41E5C00D7CDDC /* Main.storyboard */ = {
			isa = PBXVariantGroup;
			children = (
				EB16B51226F41E5C00D7CDDC /* Base */,
			);
			name = Main.storyboard;
			sourceTree = "<group>";
		};
		EB16B51626F41E5F00D7CDDC /* LaunchScreen.storyboard */ = {
			isa = PBXVariantGroup;
			children = (
				EB16B51726F41E5F00D7CDDC /* Base */,
			);
			name = LaunchScreen.storyboard;
			sourceTree = "<group>";
		};
/* End PBXVariantGroup section */

/* Begin XCBuildConfiguration section */
		EB16B51C26F41E5F00D7CDDC /* Debug */ = {
			isa = XCBuildConfiguration;
			buildSettings = {
				ALWAYS_SEARCH_USER_PATHS = NO;
				CLANG_ANALYZER_NONNULL = YES;
				CLANG_ANALYZER_NUMBER_OBJECT_CONVERSION = YES_AGGRESSIVE;
				CLANG_CXX_LANGUAGE_STANDARD = "gnu++14";
				CLANG_CXX_LIBRARY = "libc++";
				CLANG_ENABLE_MODULES = YES;
				CLANG_ENABLE_OBJC_ARC = YES;
				CLANG_ENABLE_OBJC_WEAK = YES;
				CLANG_WARN_BLOCK_CAPTURE_AUTORELEASING = YES;
				CLANG_WARN_BOOL_CONVERSION = YES;
				CLANG_WARN_COMMA = YES;
				CLANG_WARN_CONSTANT_CONVERSION = YES;
				CLANG_WARN_DEPRECATED_OBJC_IMPLEMENTATIONS = YES;
				CLANG_WARN_DIRECT_OBJC_ISA_USAGE = YES_ERROR;
				CLANG_WARN_DOCUMENTATION_COMMENTS = YES;
				CLANG_WARN_EMPTY_BODY = YES;
				CLANG_WARN_ENUM_CONVERSION = YES;
				CLANG_WARN_INFINITE_RECURSION = YES;
				CLANG_WARN_INT_CONVERSION = YES;
				CLANG_WARN_NON_LITERAL_NULL_CONVERSION = YES;
				CLANG_WARN_OBJC_IMPLICIT_RETAIN_SELF = YES;
				CLANG_WARN_OBJC_LITERAL_CONVERSION = YES;
				CLANG_WARN_OBJC_ROOT_CLASS = YES_ERROR;
				CLANG_WARN_QUOTED_INCLUDE_IN_FRAMEWORK_HEADER = YES;
				CLANG_WARN_RANGE_LOOP_ANALYSIS = YES;
				CLANG_WARN_STRICT_PROTOTYPES = YES;
				CLANG_WARN_SUSPICIOUS_MOVE = YES;
				CLANG_WARN_UNGUARDED_AVAILABILITY = YES_AGGRESSIVE;
				CLANG_WARN_UNREACHABLE_CODE = YES;
				CLANG_WARN__DUPLICATE_METHOD_MATCH = YES;
				COPY_PHASE_STRIP = NO;
				DEBUG_INFORMATION_FORMAT = dwarf;
				ENABLE_STRICT_OBJC_MSGSEND = YES;
				ENABLE_TESTABILITY = YES;
				GCC_C_LANGUAGE_STANDARD = gnu11;
				GCC_DYNAMIC_NO_PIC = NO;
				GCC_NO_COMMON_BLOCKS = YES;
				GCC_OPTIMIZATION_LEVEL = 0;
				GCC_PREPROCESSOR_DEFINITIONS = (
					"DEBUG=1",
					"$(inherited)",
				);
				GCC_WARN_64_TO_32_BIT_CONVERSION = YES;
				GCC_WARN_ABOUT_RETURN_TYPE = YES_ERROR;
				GCC_WARN_UNDECLARED_SELECTOR = YES;
				GCC_WARN_UNINITIALIZED_AUTOS = YES_AGGRESSIVE;
				GCC_WARN_UNUSED_FUNCTION = YES;
				GCC_WARN_UNUSED_VARIABLE = YES;
				IPHONEOS_DEPLOYMENT_TARGET = 14.5;
				MTL_ENABLE_DEBUG_INFO = INCLUDE_SOURCE;
				MTL_FAST_MATH = YES;
				ONLY_ACTIVE_ARCH = YES;
				SDKROOT = iphoneos;
			};
			name = Debug;
		};
		EB16B51D26F41E5F00D7CDDC /* Release */ = {
			isa = XCBuildConfiguration;
			buildSettings = {
				ALWAYS_SEARCH_USER_PATHS = NO;
				CLANG_ANALYZER_NONNULL = YES;
				CLANG_ANALYZER_NUMBER_OBJECT_CONVERSION = YES_AGGRESSIVE;
				CLANG_CXX_LANGUAGE_STANDARD = "gnu++14";
				CLANG_CXX_LIBRARY = "libc++";
				CLANG_ENABLE_MODULES = YES;
				CLANG_ENABLE_OBJC_ARC = YES;
				CLANG_ENABLE_OBJC_WEAK = YES;
				CLANG_WARN_BLOCK_CAPTURE_AUTORELEASING = YES;
				CLANG_WARN_BOOL_CONVERSION = YES;
				CLANG_WARN_COMMA = YES;
				CLANG_WARN_CONSTANT_CONVERSION = YES;
				CLANG_WARN_DEPRECATED_OBJC_IMPLEMENTATIONS = YES;
				CLANG_WARN_DIRECT_OBJC_ISA_USAGE = YES_ERROR;
				CLANG_WARN_DOCUMENTATION_COMMENTS = YES;
				CLANG_WARN_EMPTY_BODY = YES;
				CLANG_WARN_ENUM_CONVERSION = YES;
				CLANG_WARN_INFINITE_RECURSION = YES;
				CLANG_WARN_INT_CONVERSION = YES;
				CLANG_WARN_NON_LITERAL_NULL_CONVERSION = YES;
				CLANG_WARN_OBJC_IMPLICIT_RETAIN_SELF = YES;
				CLANG_WARN_OBJC_LITERAL_CONVERSION = YES;
				CLANG_WARN_OBJC_ROOT_CLASS = YES_ERROR;
				CLANG_WARN_QUOTED_INCLUDE_IN_FRAMEWORK_HEADER = YES;
				CLANG_WARN_RANGE_LOOP_ANALYSIS = YES;
				CLANG_WARN_STRICT_PROTOTYPES = YES;
				CLANG_WARN_SUSPICIOUS_MOVE = YES;
				CLANG_WARN_UNGUARDED_AVAILABILITY = YES_AGGRESSIVE;
				CLANG_WARN_UNREACHABLE_CODE = YES;
				CLANG_WARN__DUPLICATE_METHOD_MATCH = YES;
				COPY_PHASE_STRIP = NO;
				DEBUG_INFORMATION_FORMAT = "dwarf-with-dsym";
				ENABLE_NS_ASSERTIONS = NO;
				ENABLE_STRICT_OBJC_MSGSEND = YES;
				GCC_C_LANGUAGE_STANDARD = gnu11;
				GCC_NO_COMMON_BLOCKS = YES;
				GCC_WARN_64_TO_32_BIT_CONVERSION = YES;
				GCC_WARN_ABOUT_RETURN_TYPE = YES_ERROR;
				GCC_WARN_UNDECLARED_SELECTOR = YES;
				GCC_WARN_UNINITIALIZED_AUTOS = YES_AGGRESSIVE;
				GCC_WARN_UNUSED_FUNCTION = YES;
				GCC_WARN_UNUSED_VARIABLE = YES;
				IPHONEOS_DEPLOYMENT_TARGET = 14.5;
				MTL_ENABLE_DEBUG_INFO = NO;
				MTL_FAST_MATH = YES;
				SDKROOT = iphoneos;
				VALIDATE_PRODUCT = YES;
			};
			name = Release;
		};
		EB16B51F26F41E5F00D7CDDC /* Debug */ = {
			isa = XCBuildConfiguration;
			buildSettings = {
				ASSETCATALOG_COMPILER_APPICON_NAME = AppIcon;
				ASSETCATALOG_COMPILER_GLOBAL_ACCENT_COLOR_NAME = AccentColor;
				CODE_SIGN_STYLE = Automatic;
				DEVELOPMENT_TEAM = FF3T968R68;
				INFOPLIST_FILE = ObjectiveSocial/Info.plist;
				LD_RUNPATH_SEARCH_PATHS = (
					"$(inherited)",
					"@executable_path/Frameworks",
				);
				PRODUCT_BUNDLE_IDENTIFIER = br.dev.pedroh.ObjectiveSocial;
				PRODUCT_NAME = "$(TARGET_NAME)";
				TARGETED_DEVICE_FAMILY = "1,2";
			};
			name = Debug;
		};
		EB16B52026F41E5F00D7CDDC /* Release */ = {
			isa = XCBuildConfiguration;
			buildSettings = {
				ASSETCATALOG_COMPILER_APPICON_NAME = AppIcon;
				ASSETCATALOG_COMPILER_GLOBAL_ACCENT_COLOR_NAME = AccentColor;
				CODE_SIGN_STYLE = Automatic;
				DEVELOPMENT_TEAM = FF3T968R68;
				INFOPLIST_FILE = ObjectiveSocial/Info.plist;
				LD_RUNPATH_SEARCH_PATHS = (
					"$(inherited)",
					"@executable_path/Frameworks",
				);
				PRODUCT_BUNDLE_IDENTIFIER = br.dev.pedroh.ObjectiveSocial;
				PRODUCT_NAME = "$(TARGET_NAME)";
				TARGETED_DEVICE_FAMILY = "1,2";
			};
			name = Release;
		};
/* End XCBuildConfiguration section */

/* Begin XCConfigurationList section */
		EB16B50026F41E5C00D7CDDC /* Build configuration list for PBXProject "ObjectiveSocial" */ = {
			isa = XCConfigurationList;
			buildConfigurations = (
				EB16B51C26F41E5F00D7CDDC /* Debug */,
				EB16B51D26F41E5F00D7CDDC /* Release */,
			);
			defaultConfigurationIsVisible = 0;
			defaultConfigurationName = Release;
		};
		EB16B51E26F41E5F00D7CDDC /* Build configuration list for PBXNativeTarget "ObjectiveSocial" */ = {
			isa = XCConfigurationList;
			buildConfigurations = (
				EB16B51F26F41E5F00D7CDDC /* Debug */,
				EB16B52026F41E5F00D7CDDC /* Release */,
			);
			defaultConfigurationIsVisible = 0;
			defaultConfigurationName = Release;
		};
/* End XCConfigurationList section */
	};
	rootObject = EB16B4FD26F41E5C00D7CDDC /* Project object */;
}
